<?xml version="1.0" encoding="utf-8"?>
<Project ToolsVersion="4.0" xmlns="http://schemas.microsoft.com/developer/msbuild/2003">
  <ItemGroup>
    <Filter Include="Source Files">
      <UniqueIdentifier>{4FC737F1-C7A5-4376-A066-2A32D752A2FF}</UniqueIdentifier>
      <Extensions>cpp;c;cc;cxx;def;odl;idl;hpj;bat;asm;asmx</Extensions>
    </Filter>
    <Filter Include="Header Files">
      <UniqueIdentifier>{93995380-89BD-4b04-88EB-625FBE52EBFB}</UniqueIdentifier>
      <Extensions>h;hpp;hxx;hm;inl;inc;xsd</Extensions>
    </Filter>
    <Filter Include="Resource Files">
      <UniqueIdentifier>{67DA6AB6-F800-4c08-8B7A-83BB121AAD01}</UniqueIdentifier>
      <Extensions>rc;ico;cur;bmp;dlg;rc2;rct;bin;rgs;gif;jpg;jpeg;jpe;resx;tiff;tif;png;wav;mfcribbon-ms</Extensions>
    </Filter>
    <Filter Include="Header Files\Container">
      <UniqueIdentifier>{62075b91-098d-4551-917c-6f9a66bec1cf}</UniqueIdentifier>
    </Filter>
    <Filter Include="Header Files\Tools">
      <UniqueIdentifier>{5832212a-ff25-40e8-a84e-3582867f5a02}</UniqueIdentifier>
    </Filter>
  </ItemGroup>
  <ItemGroup>
    <None Include="Container.natvis" />
    <None Include="cpp.hint" />
  </ItemGroup>
  <ItemGroup>
    <ClInclude Include="src\Heap.h">
      <Filter>Header Files\Container</Filter>
    </ClInclude>
    <ClInclude Include="src\HeapBase.h">
      <Filter>Header Files\Container</Filter>
    </ClInclude>
    <ClInclude Include="src\IndexHeap.h">
      <Filter>Header Files\Container</Filter>
    </ClInclude>
    <ClInclude Include="src\ObjectPool.h">
      <Filter>Header Files\Container</Filter>
    </ClInclude>
    <ClInclude Include="src\CompareTools.h">
      <Filter>Header Files\Tools</Filter>
    </ClInclude>
    <ClInclude Include="src\ContainerTools.h">
      <Filter>Header Files\Tools</Filter>
    </ClInclude>
    <ClInclude Include="src\Allocator.h">
      <Filter>Header Files\Tools</Filter>
    </ClInclude>
    <ClInclude Include="src\ErrorHandling.h">
      <Filter>Header Files</Filter>
    </ClInclude>
    <ClInclude Include="src\Definitions.h">
      <Filter>Header Files</Filter>
    </ClInclude>
    <ClInclude Include="src\StringPool.h">
      <Filter>Header Files\Container</Filter>
    </ClInclude>
    <ClInclude Include="src\StringPoolTools.h">
      <Filter>Header Files\Tools</Filter>
    </ClInclude>
    <ClInclude Include="src\PairValues.h">
      <Filter>Header Files\Container</Filter>
    </ClInclude>
    <ClInclude Include="src\HashTools.h">
      <Filter>Header Files\Tools</Filter>
    </ClInclude>
    <ClInclude Include="src\PoolGrowing.h">
      <Filter>Header Files\Tools</Filter>
    </ClInclude>
    <ClInclude Include="src\SortingTools.h">
      <Filter>Header Files\Tools</Filter>
    </ClInclude>
    <ClInclude Include="src\MathTools.h">
      <Filter>Header Files\Tools</Filter>
    </ClInclude>
    <ClInclude Include="src\PODObjectPoolBuffer.h">
      <Filter>Header Files\Tools</Filter>
    </ClInclude>
    <ClInclude Include="src\ObjectPoolBuffer.h">
      <Filter>Header Files\Tools</Filter>
    </ClInclude>
    <ClInclude Include="src\ObjectPoolPOD.h">
      <Filter>Header Files\Container</Filter>
    </ClInclude>
    <ClInclude Include="src\LIFOPool.h">
      <Filter>Header Files\Container</Filter>
    </ClInclude>
    <ClInclude Include="src\FIFOPool.h">
      <Filter>Header Files\Container</Filter>
    </ClInclude>
    <ClInclude Include="src\AllocationTools.h">
      <Filter>Header Files\Tools</Filter>
    </ClInclude>
    <ClInclude Include="src\HashPool.h">
      <Filter>Header Files\Container</Filter>
    </ClInclude>
    <ClInclude Include="src\HashPoolNode.h">
      <Filter>Header Files\Container</Filter>
    </ClInclude>
  </ItemGroup>
  <ItemGroup>
    <ClCompile Include="src\ContainerElementsLib.cpp">
      <Filter>Source Files</Filter>
    </ClCompile>
  </ItemGroup>
</Project>